
Microsoft Visual Studio Solution File, Format Version 12.00
# Visual Studio 15
VisualStudioVersion = 15.0.27130.2027
MinimumVisualStudioVersion = 10.0.40219.1
Project("{FAE04EC0-301F-11D3-BF4B-00C04F79EFBC}") = "ASMX.Service", "ASMX.Service\ASMX.Service.csproj", "{29304BCB-E970-455C-8B4E-DA4B2873725C}"
EndProject
Global
	GlobalSection(SolutionConfigurationPlatforms) = preSolution
		Debug|Any CPU = Debug|Any CPU
		Release|Any CPU = Release|Any CPU
	EndGlobalSection
	GlobalSection(ProjectConfigurationPlatforms) = postSolution
		{29304BCB-E970-455C-8B4E-DA4B2873725C}.Debug|Any CPU.ActiveCfg = Debug|Any CPU
		{29304BCB-E970-455C-8B4E-DA4B2873725C}.Debug|Any CPU.Build.0 = Debug|Any CPU
		{29304BCB-E970-455C-8B4E-DA4B2873725C}.Release|Any CPU.ActiveCfg = Release|Any CPU
		{29304BCB-E970-455C-8B4E-DA4B2873725C}.Release|Any CPU.Build.0 = Release|Any CPU
	EndGlobalSection
	GlobalSection(SolutionProperties) = preSolution
		HideSolutionNode = FALSE
	EndGlobalSection
	GlobalSection(ExtensibilityGlobals) = postSolution
		SolutionGuid = {4C207490-DA6F-49EF-9A1A-341AF0D326E8}
	EndGlobalSection
EndGlobal
